
Microsoft Visual Studio Solution File, Format Version 12.00
# Visual Studio Version 17
VisualStudioVersion = 17.7.34221.43
MinimumVisualStudioVersion = 10.0.40219.1
Project("{8BC9CEB8-8B4A-11D0-8D11-00A0C91BC942}") = "WinUI3-TransparentBackground-CppWinRT", "WinUI3-TransparentBackground-CppWinRT.vcxproj", "{0086B9AF-CF16-43F6-84A1-6DC76740C9A9}"
EndProject
Global
	GlobalSection(SolutionConfigurationPlatforms) = preSolution
		Debug|ARM64 = Debug|ARM64
		Debug|x64 = Debug|x64
		Debug|x86 = Debug|x86
		Release|ARM64 = Release|ARM64
		Release|x64 = Release|x64
		Release|x86 = Release|x86
	EndGlobalSection
	GlobalSection(ProjectConfigurationPlatforms) = postSolution
		{0086B9AF-CF16-43F6-84A1-6DC76740C9A9}.Debug|ARM64.ActiveCfg = Debug|ARM64
		{0086B9AF-CF16-43F6-84A1-6DC76740C9A9}.Debug|ARM64.Build.0 = Debug|ARM64
		{0086B9AF-CF16-43F6-84A1-6DC76740C9A9}.Debug|ARM64.Deploy.0 = Debug|ARM64
		{0086B9AF-CF16-43F6-84A1-6DC76740C9A9}.Debug|x64.ActiveCfg = Debug|x64
		{0086B9AF-CF16-43F6-84A1-6DC76740C9A9}.Debug|x64.Build.0 = Debug|x64
		{0086B9AF-CF16-43F6-84A1-6DC76740C9A9}.Debug|x64.Deploy.0 = Debug|x64
		{0086B9AF-CF16-43F6-84A1-6DC76740C9A9}.Debug|x86.ActiveCfg = Debug|Win32
		{0086B9AF-CF16-43F6-84A1-6DC76740C9A9}.Debug|x86.Build.0 = Debug|Win32
		{0086B9AF-CF16-43F6-84A1-6DC76740C9A9}.Debug|x86.Deploy.0 = Debug|Win32
		{0086B9AF-CF16-43F6-84A1-6DC76740C9A9}.Release|ARM64.ActiveCfg = Release|ARM64
		{0086B9AF-CF16-43F6-84A1-6DC76740C9A9}.Release|ARM64.Build.0 = Release|ARM64
		{0086B9AF-CF16-43F6-84A1-6DC76740C9A9}.Release|ARM64.Deploy.0 = Release|ARM64
		{0086B9AF-CF16-43F6-84A1-6DC76740C9A9}.Release|x64.ActiveCfg = Release|x64
		{0086B9AF-CF16-43F6-84A1-6DC76740C9A9}.Release|x64.Build.0 = Release|x64
		{0086B9AF-CF16-43F6-84A1-6DC76740C9A9}.Release|x64.Deploy.0 = Release|x64
		{0086B9AF-CF16-43F6-84A1-6DC76740C9A9}.Release|x86.ActiveCfg = Release|Win32
		{0086B9AF-CF16-43F6-84A1-6DC76740C9A9}.Release|x86.Build.0 = Release|Win32
		{0086B9AF-CF16-43F6-84A1-6DC76740C9A9}.Release|x86.Deploy.0 = Release|Win32
	EndGlobalSection
	GlobalSection(SolutionProperties) = preSolution
		HideSolutionNode = FALSE
	EndGlobalSection
	GlobalSection(ExtensibilityGlobals) = postSolution
		SolutionGuid = {ABAF6A6F-611C-42B3-B926-34FCFCF16E11}
	EndGlobalSection
EndGlobal
